{
  "nodes": {
    "home-manager": {
      "inputs": {
        "nixpkgs": [
          "nixpkgs"
        ]
      },
      "locked": {
        "lastModified": 1684189380,
        "narHash": "sha256-GUp9OkZynocyppLur1VX8oAjtXGue0oKRHbsksOMUm0=",
        "owner": "nix-community",
        "repo": "home-manager",
        "rev": "b7d814c5744dca7e70b3dc2638f06568dce96ca6",
        "type": "github"
      },
      "original": {
        "owner": "nix-community",
        "ref": "master",
        "repo": "home-manager",
        "type": "github"
      }
    },
    "nixpkgs": {
      "locked": {
        "lastModified": 1684242266,
        "narHash": "sha256-uaCQ2k1bmojHKjWQngvnnnxQJMY8zi1zq527HdWgQf8=",
        "owner": "nixos",
        "repo": "nixpkgs",
        "rev": "7e0743a5aea1dc755d4b761daf75b20aa486fdad",
        "type": "github"
      },
      "original": {
        "owner": "nixos",
        "ref": "nixpkgs-unstable",
        "repo": "nixpkgs",
        "type": "github"
      }
    },
    "nurpkgs": {
      "locked": {
        "lastModified": 1684266264,
        "narHash": "sha256-jSeFCelij48A12NZiUOhTAa6RUhZcXiiXMnWvtbiXPY=",
        "owner": "nix-community",
        "repo": "NUR",
        "rev": "8aa62918f0580ff1c34a9e00e0baabb403595100",
        "type": "github"
      },
      "original": {
        "owner": "nix-community",
        "repo": "NUR",
        "type": "github"
      }
    },
    "root": {
      "inputs": {
        "home-manager": "home-manager",
        "nixpkgs": "nixpkgs",
        "nurpkgs": "nurpkgs"
      }
    }
  },
  "root": "root",
  "version": 7
}
