{
  "nodes": {
    "home-manager": {
      "inputs": {
        "nixpkgs": [
          "nixpkgs"
        ]
      },
      "locked": {
        "lastModified": 1685395684,
        "narHash": "sha256-XUUWE5XJiGZ2Wi+Mxv/mIwKYDPEC8gYHkHyT3+/sciY=",
        "owner": "nix-community",
        "repo": "home-manager",
        "rev": "43ed7048f670661d1ae2ea0d2f7655e87e7b0461",
        "type": "github"
      },
      "original": {
        "owner": "nix-community",
        "ref": "master",
        "repo": "home-manager",
        "type": "github"
      }
    },
    "nixpkgs": {
      "locked": {
        "lastModified": 1685399834,
        "narHash": "sha256-Lt7//5snriXSdJo5hlVcDkpERL1piiih0UXIz1RUcC4=",
        "owner": "nixos",
        "repo": "nixpkgs",
        "rev": "58c85835512b0db938600b6fe13cc3e3dc4b364e",
        "type": "github"
      },
      "original": {
        "owner": "nixos",
        "ref": "nixpkgs-unstable",
        "repo": "nixpkgs",
        "type": "github"
      }
    },
    "nurpkgs": {
      "locked": {
        "lastModified": 1685425266,
        "narHash": "sha256-zpC1LWdvVmZIo60j7qfcu8O/Q0PNjw5rH9W/J1w5gdc=",
        "owner": "nix-community",
        "repo": "NUR",
        "rev": "33cf25e85fb206ba1608e3a44adf63ed042c6641",
        "type": "github"
      },
      "original": {
        "owner": "nix-community",
        "repo": "NUR",
        "type": "github"
      }
    },
    "root": {
      "inputs": {
        "home-manager": "home-manager",
        "nixpkgs": "nixpkgs",
        "nurpkgs": "nurpkgs"
      }
    }
  },
  "root": "root",
  "version": 7
}
